Microsoft Visual Studio Solution File, Format Version 12.00
# Visual Studio 2012
Project("{FAE04EC0-301F-11D3-BF4B-00C04F79EFBC}") = "whatif", "whatif.csproj", "{F14C1472-03B1-44B2-8CA8-B4DD61EBF498}"
EndProject
Global
	GlobalSection(SolutionConfigurationPlatforms) = preSolution
	Debug|Any CPU = Debug|Any CPU
	ExportDebug|Any CPU = ExportDebug|Any CPU
	ExportRelease|Any CPU = ExportRelease|Any CPU
	EndGlobalSection
	GlobalSection(ProjectConfigurationPlatforms) = postSolution
		{F14C1472-03B1-44B2-8CA8-B4DD61EBF498}.Debug|Any CPU.ActiveCfg = Debug|Any CPU
		{F14C1472-03B1-44B2-8CA8-B4DD61EBF498}.Debug|Any CPU.Build.0 = Debug|Any CPU
		{F14C1472-03B1-44B2-8CA8-B4DD61EBF498}.ExportDebug|Any CPU.ActiveCfg = ExportDebug|Any CPU
		{F14C1472-03B1-44B2-8CA8-B4DD61EBF498}.ExportDebug|Any CPU.Build.0 = ExportDebug|Any CPU
		{F14C1472-03B1-44B2-8CA8-B4DD61EBF498}.ExportRelease|Any CPU.ActiveCfg = ExportRelease|Any CPU
		{F14C1472-03B1-44B2-8CA8-B4DD61EBF498}.ExportRelease|Any CPU.Build.0 = ExportRelease|Any CPU
	EndGlobalSection
EndGlobal
